
Microsoft Visual Studio Solution File, Format Version 12.00
# Visual Studio 15
VisualStudioVersion = 15.0.28307.489
MinimumVisualStudioVersion = 10.0.40219.1
Project("{FAE04EC0-301F-11D3-BF4B-00C04F79EFBC}") = "App5.Android", "App5\App5.Android\App5.Android.csproj", "{51DF6D33-9C91-42C6-8FC7-45B301EE20DB}"
EndProject
Project("{FAE04EC0-301F-11D3-BF4B-00C04F79EFBC}") = "App5.iOS", "App5\App5.iOS\App5.iOS.csproj", "{9D1FB6DA-730B-405B-B6CD-FB8C884CA88E}"
EndProject
Project("{FAE04EC0-301F-11D3-BF4B-00C04F79EFBC}") = "App5", "App5\App5\App5.csproj", "{22C1E6D0-BAA6-4BAD-8B22-EC4A3B9837C1}"
EndProject
Global
	GlobalSection(SolutionConfigurationPlatforms) = preSolution
		Ad-Hoc|Any CPU = Ad-Hoc|Any CPU
		Ad-Hoc|iPhone = Ad-Hoc|iPhone
		Ad-Hoc|iPhoneSimulator = Ad-Hoc|iPhoneSimulator
		AppStore|Any CPU = AppStore|Any CPU
		AppStore|iPhone = AppStore|iPhone
		AppStore|iPhoneSimulator = AppStore|iPhoneSimulator
		Debug|Any CPU = Debug|Any CPU
		Debug|iPhone = Debug|iPhone
		Debug|iPhoneSimulator = Debug|iPhoneSimulator
		Release|Any CPU = Release|Any CPU
		Release|iPhone = Release|iPhone
		Release|iPhoneSimulator = Release|iPhoneSimulator
	EndGlobalSection
	GlobalSection(ProjectConfigurationPlatforms) = postSolution
		{51DF6D33-9C91-42C6-8FC7-45B301EE20DB}.Ad-Hoc|Any CPU.ActiveCfg = Release|Any CPU
		{51DF6D33-9C91-42C6-8FC7-45B301EE20DB}.Ad-Hoc|Any CPU.Build.0 = Release|Any CPU
		{51DF6D33-9C91-42C6-8FC7-45B301EE20DB}.Ad-Hoc|Any CPU.Deploy.0 = Release|Any CPU
		{51DF6D33-9C91-42C6-8FC7-45B301EE20DB}.Ad-Hoc|iPhone.ActiveCfg = Release|Any CPU
		{51DF6D33-9C91-42C6-8FC7-45B301EE20DB}.Ad-Hoc|iPhone.Build.0 = Release|Any CPU
		{51DF6D33-9C91-42C6-8FC7-45B301EE20DB}.Ad-Hoc|iPhone.Deploy.0 = Release|Any CPU
		{51DF6D33-9C91-42C6-8FC7-45B301EE20DB}.Ad-Hoc|iPhoneSimulator.ActiveCfg = Release|Any CPU
		{51DF6D33-9C91-42C6-8FC7-45B301EE20DB}.Ad-Hoc|iPhoneSimulator.Build.0 = Release|Any CPU
		{51DF6D33-9C91-42C6-8FC7-45B301EE20DB}.Ad-Hoc|iPhoneSimulator.Deploy.0 = Release|Any CPU
		{51DF6D33-9C91-42C6-8FC7-45B301EE20DB}.AppStore|Any CPU.ActiveCfg = Release|Any CPU
		{51DF6D33-9C91-42C6-8FC7-45B301EE20DB}.AppStore|Any CPU.Build.0 = Release|Any CPU
		{51DF6D33-9C91-42C6-8FC7-45B301EE20DB}.AppStore|Any CPU.Deploy.0 = Release|Any CPU
		{51DF6D33-9C91-42C6-8FC7-45B301EE20DB}.AppStore|iPhone.ActiveCfg = Release|Any CPU
		{51DF6D33-9C91-42C6-8FC7-45B301EE20DB}.AppStore|iPhone.Build.0 = Release|Any CPU
		{51DF6D33-9C91-42C6-8FC7-45B301EE20DB}.AppStore|iPhone.Deploy.0 = Release|Any CPU
		{51DF6D33-9C91-42C6-8FC7-45B301EE20DB}.AppStore|iPhoneSimulator.ActiveCfg = Release|Any CPU
		{51DF6D33-9C91-42C6-8FC7-45B301EE20DB}.AppStore|iPhoneSimulator.Build.0 = Release|Any CPU
		{51DF6D33-9C91-42C6-8FC7-45B301EE20DB}.AppStore|iPhoneSimulator.Deploy.0 = Release|Any CPU
		{51DF6D33-9C91-42C6-8FC7-45B301EE20DB}.Debug|Any CPU.ActiveCfg = Debug|Any CPU
		{51DF6D33-9C91-42C6-8FC7-45B301EE20DB}.Debug|Any CPU.Build.0 = Debug|Any CPU
		{51DF6D33-9C91-42C6-8FC7-45B301EE20DB}.Debug|Any CPU.Deploy.0 = Debug|Any CPU
		{51DF6D33-9C91-42C6-8FC7-45B301EE20DB}.Debug|iPhone.ActiveCfg = Debug|Any CPU
		{51DF6D33-9C91-42C6-8FC7-45B301EE20DB}.Debug|iPhone.Build.0 = Debug|Any CPU
		{51DF6D33-9C91-42C6-8FC7-45B301EE20DB}.Debug|iPhone.Deploy.0 = Debug|Any CPU
		{51DF6D33-9C91-42C6-8FC7-45B301EE20DB}.Debug|iPhoneSimulator.ActiveCfg = Debug|Any CPU
		{51DF6D33-9C91-42C6-8FC7-45B301EE20DB}.Debug|iPhoneSimulator.Build.0 = Debug|Any CPU
		{51DF6D33-9C91-42C6-8FC7-45B301EE20DB}.Debug|iPhoneSimulator.Deploy.0 = Debug|Any CPU
		{51DF6D33-9C91-42C6-8FC7-45B301EE20DB}.Release|Any CPU.ActiveCfg = Release|Any CPU
		{51DF6D33-9C91-42C6-8FC7-45B301EE20DB}.Release|Any CPU.Build.0 = Release|Any CPU
		{51DF6D33-9C91-42C6-8FC7-45B301EE20DB}.Release|Any CPU.Deploy.0 = Release|Any CPU
		{51DF6D33-9C91-42C6-8FC7-45B301EE20DB}.Release|iPhone.ActiveCfg = Release|Any CPU
		{51DF6D33-9C91-42C6-8FC7-45B301EE20DB}.Release|iPhone.Build.0 = Release|Any CPU
		{51DF6D33-9C91-42C6-8FC7-45B301EE20DB}.Release|iPhone.Deploy.0 = Release|Any CPU
		{51DF6D33-9C91-42C6-8FC7-45B301EE20DB}.Release|iPhoneSimulator.ActiveCfg = Release|Any CPU
		{51DF6D33-9C91-42C6-8FC7-45B301EE20DB}.Release|iPhoneSimulator.Build.0 = Release|Any CPU
		{51DF6D33-9C91-42C6-8FC7-45B301EE20DB}.Release|iPhoneSimulator.Deploy.0 = Release|Any CPU
		{9D1FB6DA-730B-405B-B6CD-FB8C884CA88E}.Ad-Hoc|Any CPU.ActiveCfg = Ad-Hoc|iPhone
		{9D1FB6DA-730B-405B-B6CD-FB8C884CA88E}.Ad-Hoc|Any CPU.Build.0 = Ad-Hoc|iPhone
		{9D1FB6DA-730B-405B-B6CD-FB8C884CA88E}.Ad-Hoc|Any CPU.Deploy.0 = Ad-Hoc|iPhone
		{9D1FB6DA-730B-405B-B6CD-FB8C884CA88E}.Ad-Hoc|iPhone.ActiveCfg = Ad-Hoc|iPhone
		{9D1FB6DA-730B-405B-B6CD-FB8C884CA88E}.Ad-Hoc|iPhone.Build.0 = Ad-Hoc|iPhone
		{9D1FB6DA-730B-405B-B6CD-FB8C884CA88E}.Ad-Hoc|iPhone.Deploy.0 = Ad-Hoc|iPhone
		{9D1FB6DA-730B-405B-B6CD-FB8C884CA88E}.Ad-Hoc|iPhoneSimulator.ActiveCfg = Ad-Hoc|iPhoneSimulator
		{9D1FB6DA-730B-405B-B6CD-FB8C884CA88E}.Ad-Hoc|iPhoneSimulator.Build.0 = Ad-Hoc|iPhoneSimulator
		{9D1FB6DA-730B-405B-B6CD-FB8C884CA88E}.Ad-Hoc|iPhoneSimulator.Deploy.0 = Ad-Hoc|iPhoneSimulator
		{9D1FB6DA-730B-405B-B6CD-FB8C884CA88E}.AppStore|Any CPU.ActiveCfg = AppStore|iPhone
		{9D1FB6DA-730B-405B-B6CD-FB8C884CA88E}.AppStore|Any CPU.Build.0 = AppStore|iPhone
		{9D1FB6DA-730B-405B-B6CD-FB8C884CA88E}.AppStore|Any CPU.Deploy.0 = AppStore|iPhone
		{9D1FB6DA-730B-405B-B6CD-FB8C884CA88E}.AppStore|iPhone.ActiveCfg = AppStore|iPhone
		{9D1FB6DA-730B-405B-B6CD-FB8C884CA88E}.AppStore|iPhone.Build.0 = AppStore|iPhone
		{9D1FB6DA-730B-405B-B6CD-FB8C884CA88E}.AppStore|iPhone.Deploy.0 = AppStore|iPhone
		{9D1FB6DA-730B-405B-B6CD-FB8C884CA88E}.AppStore|iPhoneSimulator.ActiveCfg = AppStore|iPhoneSimulator
		{9D1FB6DA-730B-405B-B6CD-FB8C884CA88E}.AppStore|iPhoneSimulator.Build.0 = AppStore|iPhoneSimulator
		{9D1FB6DA-730B-405B-B6CD-FB8C884CA88E}.AppStore|iPhoneSimulator.Deploy.0 = AppStore|iPhoneSimulator
		{9D1FB6DA-730B-405B-B6CD-FB8C884CA88E}.Debug|Any CPU.ActiveCfg = Debug|iPhoneSimulator
		{9D1FB6DA-730B-405B-B6CD-FB8C884CA88E}.Debug|Any CPU.Build.0 = Debug|iPhoneSimulator
		{9D1FB6DA-730B-405B-B6CD-FB8C884CA88E}.Debug|Any CPU.Deploy.0 = Debug|iPhoneSimulator
		{9D1FB6DA-730B-405B-B6CD-FB8C884CA88E}.Debug|iPhone.ActiveCfg = Debug|iPhone
		{9D1FB6DA-730B-405B-B6CD-FB8C884CA88E}.Debug|iPhone.Build.0 = Debug|iPhone
		{9D1FB6DA-730B-405B-B6CD-FB8C884CA88E}.Debug|iPhone.Deploy.0 = Debug|iPhone
		{9D1FB6DA-730B-405B-B6CD-FB8C884CA88E}.Debug|iPhoneSimulator.ActiveCfg = Debug|iPhoneSimulator
		{9D1FB6DA-730B-405B-B6CD-FB8C884CA88E}.Debug|iPhoneSimulator.Build.0 = Debug|iPhoneSimulator
		{9D1FB6DA-730B-405B-B6CD-FB8C884CA88E}.Debug|iPhoneSimulator.Deploy.0 = Debug|iPhoneSimulator
		{9D1FB6DA-730B-405B-B6CD-FB8C884CA88E}.Release|Any CPU.ActiveCfg = Release|iPhone
		{9D1FB6DA-730B-405B-B6CD-FB8C884CA88E}.Release|Any CPU.Build.0 = Release|iPhone
		{9D1FB6DA-730B-405B-B6CD-FB8C884CA88E}.Release|Any CPU.Deploy.0 = Release|iPhone
		{9D1FB6DA-730B-405B-B6CD-FB8C884CA88E}.Release|iPhone.ActiveCfg = Release|iPhone
		{9D1FB6DA-730B-405B-B6CD-FB8C884CA88E}.Release|iPhone.Build.0 = Release|iPhone
		{9D1FB6DA-730B-405B-B6CD-FB8C884CA88E}.Release|iPhone.Deploy.0 = Release|iPhone
		{9D1FB6DA-730B-405B-B6CD-FB8C884CA88E}.Release|iPhoneSimulator.ActiveCfg = Release|iPhoneSimulator
		{9D1FB6DA-730B-405B-B6CD-FB8C884CA88E}.Release|iPhoneSimulator.Build.0 = Release|iPhoneSimulator
		{9D1FB6DA-730B-405B-B6CD-FB8C884CA88E}.Release|iPhoneSimulator.Deploy.0 = Release|iPhoneSimulator
		{22C1E6D0-BAA6-4BAD-8B22-EC4A3B9837C1}.Ad-Hoc|Any CPU.ActiveCfg = Debug|Any CPU
		{22C1E6D0-BAA6-4BAD-8B22-EC4A3B9837C1}.Ad-Hoc|Any CPU.Build.0 = Debug|Any CPU
		{22C1E6D0-BAA6-4BAD-8B22-EC4A3B9837C1}.Ad-Hoc|Any CPU.Deploy.0 = Debug|Any CPU
		{22C1E6D0-BAA6-4BAD-8B22-EC4A3B9837C1}.Ad-Hoc|iPhone.ActiveCfg = Debug|Any CPU
		{22C1E6D0-BAA6-4BAD-8B22-EC4A3B9837C1}.Ad-Hoc|iPhone.Build.0 = Debug|Any CPU
		{22C1E6D0-BAA6-4BAD-8B22-EC4A3B9837C1}.Ad-Hoc|iPhone.Deploy.0 = Debug|Any CPU
		{22C1E6D0-BAA6-4BAD-8B22-EC4A3B9837C1}.Ad-Hoc|iPhoneSimulator.ActiveCfg = Debug|Any CPU
		{22C1E6D0-BAA6-4BAD-8B22-EC4A3B9837C1}.Ad-Hoc|iPhoneSimulator.Build.0 = Debug|Any CPU
		{22C1E6D0-BAA6-4BAD-8B22-EC4A3B9837C1}.Ad-Hoc|iPhoneSimulator.Deploy.0 = Debug|Any CPU
		{22C1E6D0-BAA6-4BAD-8B22-EC4A3B9837C1}.AppStore|Any CPU.ActiveCfg = Debug|Any CPU
		{22C1E6D0-BAA6-4BAD-8B22-EC4A3B9837C1}.AppStore|Any CPU.Build.0 = Debug|Any CPU
		{22C1E6D0-BAA6-4BAD-8B22-EC4A3B9837C1}.AppStore|Any CPU.Deploy.0 = Debug|Any CPU
		{22C1E6D0-BAA6-4BAD-8B22-EC4A3B9837C1}.AppStore|iPhone.ActiveCfg = Debug|Any CPU
		{22C1E6D0-BAA6-4BAD-8B22-EC4A3B9837C1}.AppStore|iPhone.Build.0 = Debug|Any CPU
		{22C1E6D0-BAA6-4BAD-8B22-EC4A3B9837C1}.AppStore|iPhone.Deploy.0 = Debug|Any CPU
		{22C1E6D0-BAA6-4BAD-8B22-EC4A3B9837C1}.AppStore|iPhoneSimulator.ActiveCfg = Debug|Any CPU
		{22C1E6D0-BAA6-4BAD-8B22-EC4A3B9837C1}.AppStore|iPhoneSimulator.Build.0 = Debug|Any CPU
		{22C1E6D0-BAA6-4BAD-8B22-EC4A3B9837C1}.AppStore|iPhoneSimulator.Deploy.0 = Debug|Any CPU
		{22C1E6D0-BAA6-4BAD-8B22-EC4A3B9837C1}.Debug|Any CPU.ActiveCfg = Debug|Any CPU
		{22C1E6D0-BAA6-4BAD-8B22-EC4A3B9837C1}.Debug|Any CPU.Build.0 = Debug|Any CPU
		{22C1E6D0-BAA6-4BAD-8B22-EC4A3B9837C1}.Debug|Any CPU.Deploy.0 = Debug|Any CPU
		{22C1E6D0-BAA6-4BAD-8B22-EC4A3B9837C1}.Debug|iPhone.ActiveCfg = Debug|Any CPU
		{22C1E6D0-BAA6-4BAD-8B22-EC4A3B9837C1}.Debug|iPhone.Build.0 = Debug|Any CPU
		{22C1E6D0-BAA6-4BAD-8B22-EC4A3B9837C1}.Debug|iPhone.Deploy.0 = Debug|Any CPU
		{22C1E6D0-BAA6-4BAD-8B22-EC4A3B9837C1}.Debug|iPhoneSimulator.ActiveCfg = Debug|Any CPU
		{22C1E6D0-BAA6-4BAD-8B22-EC4A3B9837C1}.Debug|iPhoneSimulator.Build.0 = Debug|Any CPU
		{22C1E6D0-BAA6-4BAD-8B22-EC4A3B9837C1}.Debug|iPhoneSimulator.Deploy.0 = Debug|Any CPU
		{22C1E6D0-BAA6-4BAD-8B22-EC4A3B9837C1}.Release|Any CPU.ActiveCfg = Release|Any CPU
		{22C1E6D0-BAA6-4BAD-8B22-EC4A3B9837C1}.Release|Any CPU.Build.0 = Release|Any CPU
		{22C1E6D0-BAA6-4BAD-8B22-EC4A3B9837C1}.Release|Any CPU.Deploy.0 = Release|Any CPU
		{22C1E6D0-BAA6-4BAD-8B22-EC4A3B9837C1}.Release|iPhone.ActiveCfg = Release|Any CPU
		{22C1E6D0-BAA6-4BAD-8B22-EC4A3B9837C1}.Release|iPhone.Build.0 = Release|Any CPU
		{22C1E6D0-BAA6-4BAD-8B22-EC4A3B9837C1}.Release|iPhone.Deploy.0 = Release|Any CPU
		{22C1E6D0-BAA6-4BAD-8B22-EC4A3B9837C1}.Release|iPhoneSimulator.ActiveCfg = Release|Any CPU
		{22C1E6D0-BAA6-4BAD-8B22-EC4A3B9837C1}.Release|iPhoneSimulator.Build.0 = Release|Any CPU
		{22C1E6D0-BAA6-4BAD-8B22-EC4A3B9837C1}.Release|iPhoneSimulator.Deploy.0 = Release|Any CPU
	EndGlobalSection
	GlobalSection(SolutionProperties) = preSolution
		HideSolutionNode = FALSE
	EndGlobalSection
	GlobalSection(ExtensibilityGlobals) = postSolution
		SolutionGuid = {C7541B58-8159-41EB-8E41-D9A329958A81}
	EndGlobalSection
EndGlobal
